{
  "name": "data-eden",
  "version": "0.5.0",
  "lockfileVersion": 2,
  "requires": true,
  "packages": {
    "": {
      "name": "data-eden",
      "version": "0.5.0",
      "license": "MIT",
      "workspaces": [
        "packages/*"
      ]
    },
    "node_modules/@data-eden/athena": {
      "resolved": "packages/athena",
      "link": true
    },
    "node_modules/@data-eden/cache": {
      "resolved": "packages/cache",
      "link": true
    },
    "node_modules/@data-eden/network": {
      "resolved": "packages/network",
      "link": true
    },
    "packages/athena": {
      "version": "0.5.0"
    },
    "packages/cache": {
      "version": "0.5.0"
    },
    "packages/network": {
      "version": "0.5.0"
    }
  },
  "dependencies": {
    "@data-eden/athena": {
      "version": "file:packages/athena"
    },
    "@data-eden/cache": {
      "version": "file:packages/cache"
    },
    "@data-eden/network": {
      "version": "file:packages/network"
    }
  }
}
